
Microsoft Visual Studio Solution File, Format Version 12.00
# Visual Studio Version 17
VisualStudioVersion = 17.10.35004.147
MinimumVisualStudioVersion = 10.0.40219.1
Project("{2150E333-8FDC-42A3-9474-1A3956D46DE8}") = "Services", "Services", "{310F2C5A-6698-4ABF-898E-5166CB08C4ED}"
EndProject
Project("{2150E333-8FDC-42A3-9474-1A3956D46DE8}") = "Shared", "Shared", "{0DA0DDCA-CF1F-4F3A-87FC-B527A04026E0}"
EndProject
Project("{9A19103F-16F7-4668-BE54-9A1E7A4F7556}") = "BuildingBlocks", "src\Shared\BuildingBlocks\BuildingBlocks.csproj", "{B9BBDD13-A141-4A23-8E04-F00F48800EDD}"
EndProject
Project("{9A19103F-16F7-4668-BE54-9A1E7A4F7556}") = "EventSourcing", "src\Shared\EventSourcing\EventSourcing.csproj", "{E4FBCFAA-8B20-42DA-9160-4CB62769682A}"
EndProject
Project("{2150E333-8FDC-42A3-9474-1A3956D46DE8}") = "ApiGateway", "ApiGateway", "{596BF733-3CBE-4975-ABA3-45A6E2D357A5}"
EndProject
Project("{9A19103F-16F7-4668-BE54-9A1E7A4F7556}") = "YarpApiGateway", "src\ApiGateway\YarpApiGateway\YarpApiGateway.csproj", "{53C41BF3-9D5F-468E-8463-AD62B2082A68}"
EndProject
Project("{2150E333-8FDC-42A3-9474-1A3956D46DE8}") = "Solution Items", "Solution Items", "{D095784E-9749-42E9-9400-49093A205DE5}"
	ProjectSection(SolutionItems) = preProject
		.env = .env
		.env.sample = .env.sample
		.gitignore = .gitignore
		add-migration.bat = add-migration.bat
		Courses.md = Courses.md
		docker-compose-infra.yml = docker-compose-infra.yml
		docker-compose.yml = docker-compose.yml
		LICENSE = LICENSE
		README.md = README.md
		setup-db.sh = setup-db.sh
	EndProjectSection
EndProject
Project("{2150E333-8FDC-42A3-9474-1A3956D46DE8}") = "Payment", "Payment", "{02EA681E-C7D8-13C7-8484-4AC65E1B71E8}"
EndProject
Project("{2150E333-8FDC-42A3-9474-1A3956D46DE8}") = "Search", "Search", "{D54B29E6-15C1-4D82-B836-097C82983DEE}"
EndProject
Project("{2150E333-8FDC-42A3-9474-1A3956D46DE8}") = "Discount", "Discount", "{98445655-23DF-4854-A8E2-060901C55693}"
EndProject
Project("{2150E333-8FDC-42A3-9474-1A3956D46DE8}") = "Basket", "Basket", "{C7327D4E-09CF-4484-A522-536FFD1D60CD}"
EndProject
Project("{2150E333-8FDC-42A3-9474-1A3956D46DE8}") = "Catalog", "Catalog", "{F79A472F-727A-411A-8484-761D27D19B8A}"
EndProject
Project("{2150E333-8FDC-42A3-9474-1A3956D46DE8}") = "Order", "Order", "{974370CE-9CE8-42FD-97AD-1FE3C991D4A2}"
EndProject
Project("{2150E333-8FDC-42A3-9474-1A3956D46DE8}") = "Inventory", "Inventory", "{63CE1D8E-D610-4E1F-9557-3BC8C4AB5559}"
EndProject
Project("{2150E333-8FDC-42A3-9474-1A3956D46DE8}") = "Notification", "Notification", "{260B3617-531F-4277-8FA3-79F2E0701613}"
EndProject
Project("{2150E333-8FDC-42A3-9474-1A3956D46DE8}") = "Worker", "Worker", "{C2D53219-27D3-4A5B-88F2-CAE80644235B}"
EndProject
Project("{2150E333-8FDC-42A3-9474-1A3956D46DE8}") = "Worker", "Worker", "{7567CF9B-7FB5-44EC-99D5-1B5AB9AE7387}"
EndProject
Project("{2150E333-8FDC-42A3-9474-1A3956D46DE8}") = "Worker", "Worker", "{568D3A4C-21DE-4C4E-A7C6-0B62182C5E84}"
EndProject
Project("{2150E333-8FDC-42A3-9474-1A3956D46DE8}") = "Report", "Report", "{D5923B5A-72F6-4D11-95AA-B33892B1C8F3}"
EndProject
Project("{2150E333-8FDC-42A3-9474-1A3956D46DE8}") = "JobScheduler", "JobScheduler", "{C67531BB-3D88-4E2C-8AE9-991335428932}"
EndProject
Project("{2150E333-8FDC-42A3-9474-1A3956D46DE8}") = "Customer", "Customer", "{B392588A-9A4E-4937-9177-4959F44D366D}"
EndProject
Project("{FAE04EC0-301F-11D3-BF4B-00C04F79EFBC}") = "Common", "src\Shared\Common\Common.csproj", "{A0C4F154-6113-4377-87E9-148A0090A357}"
EndProject
Project("{2150E333-8FDC-42A3-9474-1A3956D46DE8}") = "Worker", "Worker", "{598875B7-CE89-4733-9750-F603FB444F3C}"
EndProject
Project("{2150E333-8FDC-42A3-9474-1A3956D46DE8}") = "Contracts", "Contracts", "{8343DF15-77C0-43C2-B607-DCC50E00F0E5}"
EndProject
Project("{FAE04EC0-301F-11D3-BF4B-00C04F79EFBC}") = "Catalog.Contracts", "src\Shared\Contracts\Catalog.Contract\Catalog.Contracts.csproj", "{B2EE82B0-F237-4F29-987F-F870CF997092}"
EndProject
Project("{2150E333-8FDC-42A3-9474-1A3956D46DE8}") = "Api", "Api", "{E5482513-87B2-4615-A738-85312B35D248}"
EndProject
Project("{2150E333-8FDC-42A3-9474-1A3956D46DE8}") = "Core", "Core", "{3BCDF0B9-CC31-45A9-9187-61030DAC457B}"
EndProject
Project("{FAE04EC0-301F-11D3-BF4B-00C04F79EFBC}") = "Catalog.Api", "src\Services\Catalog\Api\Catalog.Api\Catalog.Api.csproj", "{FABA3A39-32C2-6040-5503-A37A6C4591A1}"
EndProject
Project("{FAE04EC0-301F-11D3-BF4B-00C04F79EFBC}") = "Catalog.Grpc", "src\Services\Catalog\Api\Catalog.Grpc\Catalog.Grpc.csproj", "{96DAE549-1579-BCD5-1407-EC502AAF7A10}"
EndProject
Project("{FAE04EC0-301F-11D3-BF4B-00C04F79EFBC}") = "Catalog.Application", "src\Services\Catalog\Core\Catalog.Application\Catalog.Application.csproj", "{99EA277D-1511-AC2F-89B0-3120D9EF0D74}"
EndProject
Project("{FAE04EC0-301F-11D3-BF4B-00C04F79EFBC}") = "Catalog.Domain", "src\Services\Catalog\Core\Catalog.Domain\Catalog.Domain.csproj", "{AC3DCE5A-3542-46EB-6334-6595D4167590}"
EndProject
Project("{FAE04EC0-301F-11D3-BF4B-00C04F79EFBC}") = "Catalog.Infrastructure", "src\Services\Catalog\Core\Catalog.Infrastructure\Catalog.Infrastructure.csproj", "{4C00CE41-F93C-BC03-5C22-1E152025BE87}"
EndProject
Project("{FAE04EC0-301F-11D3-BF4B-00C04F79EFBC}") = "Catalog.Worker.Consumer", "src\Services\Catalog\Worker\Catalog.Worker.Outbox\Catalog.Worker.Consumer.csproj", "{46E29D2B-CD1B-068F-0BC1-6FFACE8630B3}"
EndProject
Project("{2150E333-8FDC-42A3-9474-1A3956D46DE8}") = "Core", "Core", "{76D9DA60-9FEF-428D-BB8F-D5CC37C2BF9E}"
EndProject
Project("{2150E333-8FDC-42A3-9474-1A3956D46DE8}") = "Api", "Api", "{C8F5A6EF-509C-4AC5-A1E2-979ACC59E275}"
EndProject
Project("{FAE04EC0-301F-11D3-BF4B-00C04F79EFBC}") = "Inventory.Api", "src\Services\Inventory\Api\Inventory.Api\Inventory.Api.csproj", "{41B6E8CF-A438-5938-4A6F-1DD952A3A018}"
EndProject
Project("{FAE04EC0-301F-11D3-BF4B-00C04F79EFBC}") = "Inventory.Application", "src\Services\Inventory\Core\Inventory.Application\Inventory.Application.csproj", "{66231801-8C0A-8475-562C-633E4B0BCD0C}"
EndProject
Project("{FAE04EC0-301F-11D3-BF4B-00C04F79EFBC}") = "Inventory.Infrastructure", "src\Services\Inventory\Core\Inventory.Infrastructure\Inventory.Infrastructure.csproj", "{E95EB8D4-1ACC-918E-3BE8-F4375AB4249E}"
EndProject
Project("{FAE04EC0-301F-11D3-BF4B-00C04F79EFBC}") = "Inventory.Domain", "src\Services\Inventory\Core\Inventory.Domain\Inventory.Domain.csproj", "{D3BD263B-540E-4336-CC0C-71E7DB864703}"
EndProject
Project("{2150E333-8FDC-42A3-9474-1A3956D46DE8}") = "Api", "Api", "{B7F65696-6B3F-4EA6-9414-93B34D9AEF9F}"
EndProject
Project("{2150E333-8FDC-42A3-9474-1A3956D46DE8}") = "Core", "Core", "{B1842AE8-41DB-4476-89EB-FAD6373F064E}"
EndProject
Project("{2150E333-8FDC-42A3-9474-1A3956D46DE8}") = "Api", "Api", "{E476274C-FEAF-4EBD-AC24-C7D0382888A0}"
EndProject
Project("{2150E333-8FDC-42A3-9474-1A3956D46DE8}") = "Core", "Core", "{33C6BAE6-4C08-470F-BE4E-B91B0B1827A7}"
EndProject
Project("{FAE04EC0-301F-11D3-BF4B-00C04F79EFBC}") = "Order.Api", "src\Services\Order\Api\Order.Api\Order.Api.csproj", "{EC5C0FCF-92C1-36C3-BED5-40F6CB12A239}"
EndProject
Project("{FAE04EC0-301F-11D3-BF4B-00C04F79EFBC}") = "Order.Application", "src\Services\Order\Core\Order.Application\Order.Application.csproj", "{C71CDD94-09C4-D33A-99C4-FD910E9A45F8}"
EndProject
Project("{FAE04EC0-301F-11D3-BF4B-00C04F79EFBC}") = "Order.Domain", "src\Services\Order\Core\Order.Domain\Order.Domain.csproj", "{A6AF0F16-E496-9F3D-573C-A7655291E3C2}"
EndProject
Project("{FAE04EC0-301F-11D3-BF4B-00C04F79EFBC}") = "Order.Infrastructure", "src\Services\Order\Core\Order.Infrastructure\Order.Infrastructure.csproj", "{183AA6B1-F6B3-4B4C-D951-BF44A889B90A}"
EndProject
Project("{FAE04EC0-301F-11D3-BF4B-00C04F79EFBC}") = "Order.Worker.Outbox", "src\Services\Order\Worker\Order.Woker.Outbox\Order.Worker.Outbox.csproj", "{62175B17-8406-6674-792C-1C8E68BC11DC}"
EndProject
Project("{FAE04EC0-301F-11D3-BF4B-00C04F79EFBC}") = "Inventory.Worker.Outbox", "src\Services\Inventory\Worker\Inventory.Worker.Outbox\Inventory.Worker.Outbox.csproj", "{999A8EF4-1F3F-512E-A1EF-B0A52B80CA8F}"
EndProject
Project("{2150E333-8FDC-42A3-9474-1A3956D46DE8}") = "Api", "Api", "{21A5BB6B-3737-4409-8E56-5098344DCBC8}"
EndProject
Project("{2150E333-8FDC-42A3-9474-1A3956D46DE8}") = "Core", "Core", "{D083BC24-E9D0-49D2-AB17-BE44090D7C91}"
EndProject
Project("{FAE04EC0-301F-11D3-BF4B-00C04F79EFBC}") = "Basket.Api", "src\Services\Basket\Api\Basket.Api\Basket.Api.csproj", "{AE5C9BDD-F6CF-0631-B361-76F71F1CD78E}"
EndProject
Project("{FAE04EC0-301F-11D3-BF4B-00C04F79EFBC}") = "Basket.Application", "src\Services\Basket\Core\Basket.Application\Basket.Application.csproj", "{FCDFD1E7-09A2-4EC2-D466-EA383573FF42}"
EndProject
Project("{FAE04EC0-301F-11D3-BF4B-00C04F79EFBC}") = "Basket.Domain", "src\Services\Basket\Core\Basket.Domain\Basket.Domain.csproj", "{1DF3D60E-7977-E145-25E9-BCC7B431C306}"
EndProject
Project("{FAE04EC0-301F-11D3-BF4B-00C04F79EFBC}") = "Basket.Infrastructure", "src\Services\Basket\Core\Basket.Infrastructure\Basket.Infrastructure.csproj", "{6E9D6A3D-1E72-F08D-51FF-FCF9C47FEF93}"
EndProject
Global
	GlobalSection(SolutionConfigurationPlatforms) = preSolution
		Debug|Any CPU = Debug|Any CPU
		Release|Any CPU = Release|Any CPU
	EndGlobalSection
	GlobalSection(ProjectConfigurationPlatforms) = postSolution
		{B9BBDD13-A141-4A23-8E04-F00F48800EDD}.Debug|Any CPU.ActiveCfg = Debug|Any CPU
		{B9BBDD13-A141-4A23-8E04-F00F48800EDD}.Debug|Any CPU.Build.0 = Debug|Any CPU
		{B9BBDD13-A141-4A23-8E04-F00F48800EDD}.Release|Any CPU.ActiveCfg = Release|Any CPU
		{B9BBDD13-A141-4A23-8E04-F00F48800EDD}.Release|Any CPU.Build.0 = Release|Any CPU
		{E4FBCFAA-8B20-42DA-9160-4CB62769682A}.Debug|Any CPU.ActiveCfg = Debug|Any CPU
		{E4FBCFAA-8B20-42DA-9160-4CB62769682A}.Debug|Any CPU.Build.0 = Debug|Any CPU
		{E4FBCFAA-8B20-42DA-9160-4CB62769682A}.Release|Any CPU.ActiveCfg = Release|Any CPU
		{E4FBCFAA-8B20-42DA-9160-4CB62769682A}.Release|Any CPU.Build.0 = Release|Any CPU
		{53C41BF3-9D5F-468E-8463-AD62B2082A68}.Debug|Any CPU.ActiveCfg = Debug|Any CPU
		{53C41BF3-9D5F-468E-8463-AD62B2082A68}.Debug|Any CPU.Build.0 = Debug|Any CPU
		{53C41BF3-9D5F-468E-8463-AD62B2082A68}.Release|Any CPU.ActiveCfg = Release|Any CPU
		{53C41BF3-9D5F-468E-8463-AD62B2082A68}.Release|Any CPU.Build.0 = Release|Any CPU
		{A0C4F154-6113-4377-87E9-148A0090A357}.Debug|Any CPU.ActiveCfg = Debug|Any CPU
		{A0C4F154-6113-4377-87E9-148A0090A357}.Debug|Any CPU.Build.0 = Debug|Any CPU
		{A0C4F154-6113-4377-87E9-148A0090A357}.Release|Any CPU.ActiveCfg = Release|Any CPU
		{A0C4F154-6113-4377-87E9-148A0090A357}.Release|Any CPU.Build.0 = Release|Any CPU
		{B2EE82B0-F237-4F29-987F-F870CF997092}.Debug|Any CPU.ActiveCfg = Debug|Any CPU
		{B2EE82B0-F237-4F29-987F-F870CF997092}.Debug|Any CPU.Build.0 = Debug|Any CPU
		{B2EE82B0-F237-4F29-987F-F870CF997092}.Release|Any CPU.ActiveCfg = Release|Any CPU
		{B2EE82B0-F237-4F29-987F-F870CF997092}.Release|Any CPU.Build.0 = Release|Any CPU
		{FABA3A39-32C2-6040-5503-A37A6C4591A1}.Debug|Any CPU.ActiveCfg = Debug|Any CPU
		{FABA3A39-32C2-6040-5503-A37A6C4591A1}.Debug|Any CPU.Build.0 = Debug|Any CPU
		{FABA3A39-32C2-6040-5503-A37A6C4591A1}.Release|Any CPU.ActiveCfg = Release|Any CPU
		{FABA3A39-32C2-6040-5503-A37A6C4591A1}.Release|Any CPU.Build.0 = Release|Any CPU
		{96DAE549-1579-BCD5-1407-EC502AAF7A10}.Debug|Any CPU.ActiveCfg = Debug|Any CPU
		{96DAE549-1579-BCD5-1407-EC502AAF7A10}.Debug|Any CPU.Build.0 = Debug|Any CPU
		{96DAE549-1579-BCD5-1407-EC502AAF7A10}.Release|Any CPU.ActiveCfg = Release|Any CPU
		{96DAE549-1579-BCD5-1407-EC502AAF7A10}.Release|Any CPU.Build.0 = Release|Any CPU
		{99EA277D-1511-AC2F-89B0-3120D9EF0D74}.Debug|Any CPU.ActiveCfg = Debug|Any CPU
		{99EA277D-1511-AC2F-89B0-3120D9EF0D74}.Debug|Any CPU.Build.0 = Debug|Any CPU
		{99EA277D-1511-AC2F-89B0-3120D9EF0D74}.Release|Any CPU.ActiveCfg = Release|Any CPU
		{99EA277D-1511-AC2F-89B0-3120D9EF0D74}.Release|Any CPU.Build.0 = Release|Any CPU
		{AC3DCE5A-3542-46EB-6334-6595D4167590}.Debug|Any CPU.ActiveCfg = Debug|Any CPU
		{AC3DCE5A-3542-46EB-6334-6595D4167590}.Debug|Any CPU.Build.0 = Debug|Any CPU
		{AC3DCE5A-3542-46EB-6334-6595D4167590}.Release|Any CPU.ActiveCfg = Release|Any CPU
		{AC3DCE5A-3542-46EB-6334-6595D4167590}.Release|Any CPU.Build.0 = Release|Any CPU
		{4C00CE41-F93C-BC03-5C22-1E152025BE87}.Debug|Any CPU.ActiveCfg = Debug|Any CPU
		{4C00CE41-F93C-BC03-5C22-1E152025BE87}.Debug|Any CPU.Build.0 = Debug|Any CPU
		{4C00CE41-F93C-BC03-5C22-1E152025BE87}.Release|Any CPU.ActiveCfg = Release|Any CPU
		{4C00CE41-F93C-BC03-5C22-1E152025BE87}.Release|Any CPU.Build.0 = Release|Any CPU
		{46E29D2B-CD1B-068F-0BC1-6FFACE8630B3}.Debug|Any CPU.ActiveCfg = Debug|Any CPU
		{46E29D2B-CD1B-068F-0BC1-6FFACE8630B3}.Debug|Any CPU.Build.0 = Debug|Any CPU
		{46E29D2B-CD1B-068F-0BC1-6FFACE8630B3}.Release|Any CPU.ActiveCfg = Release|Any CPU
		{46E29D2B-CD1B-068F-0BC1-6FFACE8630B3}.Release|Any CPU.Build.0 = Release|Any CPU
		{41B6E8CF-A438-5938-4A6F-1DD952A3A018}.Debug|Any CPU.ActiveCfg = Debug|Any CPU
		{41B6E8CF-A438-5938-4A6F-1DD952A3A018}.Debug|Any CPU.Build.0 = Debug|Any CPU
		{41B6E8CF-A438-5938-4A6F-1DD952A3A018}.Release|Any CPU.ActiveCfg = Release|Any CPU
		{41B6E8CF-A438-5938-4A6F-1DD952A3A018}.Release|Any CPU.Build.0 = Release|Any CPU
		{66231801-8C0A-8475-562C-633E4B0BCD0C}.Debug|Any CPU.ActiveCfg = Debug|Any CPU
		{66231801-8C0A-8475-562C-633E4B0BCD0C}.Debug|Any CPU.Build.0 = Debug|Any CPU
		{66231801-8C0A-8475-562C-633E4B0BCD0C}.Release|Any CPU.ActiveCfg = Release|Any CPU
		{66231801-8C0A-8475-562C-633E4B0BCD0C}.Release|Any CPU.Build.0 = Release|Any CPU
		{E95EB8D4-1ACC-918E-3BE8-F4375AB4249E}.Debug|Any CPU.ActiveCfg = Debug|Any CPU
		{E95EB8D4-1ACC-918E-3BE8-F4375AB4249E}.Debug|Any CPU.Build.0 = Debug|Any CPU
		{E95EB8D4-1ACC-918E-3BE8-F4375AB4249E}.Release|Any CPU.ActiveCfg = Release|Any CPU
		{E95EB8D4-1ACC-918E-3BE8-F4375AB4249E}.Release|Any CPU.Build.0 = Release|Any CPU
		{D3BD263B-540E-4336-CC0C-71E7DB864703}.Debug|Any CPU.ActiveCfg = Debug|Any CPU
		{D3BD263B-540E-4336-CC0C-71E7DB864703}.Debug|Any CPU.Build.0 = Debug|Any CPU
		{D3BD263B-540E-4336-CC0C-71E7DB864703}.Release|Any CPU.ActiveCfg = Release|Any CPU
		{D3BD263B-540E-4336-CC0C-71E7DB864703}.Release|Any CPU.Build.0 = Release|Any CPU
		{EC5C0FCF-92C1-36C3-BED5-40F6CB12A239}.Debug|Any CPU.ActiveCfg = Debug|Any CPU
		{EC5C0FCF-92C1-36C3-BED5-40F6CB12A239}.Debug|Any CPU.Build.0 = Debug|Any CPU
		{EC5C0FCF-92C1-36C3-BED5-40F6CB12A239}.Release|Any CPU.ActiveCfg = Release|Any CPU
		{EC5C0FCF-92C1-36C3-BED5-40F6CB12A239}.Release|Any CPU.Build.0 = Release|Any CPU
		{C71CDD94-09C4-D33A-99C4-FD910E9A45F8}.Debug|Any CPU.ActiveCfg = Debug|Any CPU
		{C71CDD94-09C4-D33A-99C4-FD910E9A45F8}.Debug|Any CPU.Build.0 = Debug|Any CPU
		{C71CDD94-09C4-D33A-99C4-FD910E9A45F8}.Release|Any CPU.ActiveCfg = Release|Any CPU
		{C71CDD94-09C4-D33A-99C4-FD910E9A45F8}.Release|Any CPU.Build.0 = Release|Any CPU
		{A6AF0F16-E496-9F3D-573C-A7655291E3C2}.Debug|Any CPU.ActiveCfg = Debug|Any CPU
		{A6AF0F16-E496-9F3D-573C-A7655291E3C2}.Debug|Any CPU.Build.0 = Debug|Any CPU
		{A6AF0F16-E496-9F3D-573C-A7655291E3C2}.Release|Any CPU.ActiveCfg = Release|Any CPU
		{A6AF0F16-E496-9F3D-573C-A7655291E3C2}.Release|Any CPU.Build.0 = Release|Any CPU
		{183AA6B1-F6B3-4B4C-D951-BF44A889B90A}.Debug|Any CPU.ActiveCfg = Debug|Any CPU
		{183AA6B1-F6B3-4B4C-D951-BF44A889B90A}.Debug|Any CPU.Build.0 = Debug|Any CPU
		{183AA6B1-F6B3-4B4C-D951-BF44A889B90A}.Release|Any CPU.ActiveCfg = Release|Any CPU
		{183AA6B1-F6B3-4B4C-D951-BF44A889B90A}.Release|Any CPU.Build.0 = Release|Any CPU
		{62175B17-8406-6674-792C-1C8E68BC11DC}.Debug|Any CPU.ActiveCfg = Debug|Any CPU
		{62175B17-8406-6674-792C-1C8E68BC11DC}.Debug|Any CPU.Build.0 = Debug|Any CPU
		{62175B17-8406-6674-792C-1C8E68BC11DC}.Release|Any CPU.ActiveCfg = Release|Any CPU
		{62175B17-8406-6674-792C-1C8E68BC11DC}.Release|Any CPU.Build.0 = Release|Any CPU
		{999A8EF4-1F3F-512E-A1EF-B0A52B80CA8F}.Debug|Any CPU.ActiveCfg = Debug|Any CPU
		{999A8EF4-1F3F-512E-A1EF-B0A52B80CA8F}.Debug|Any CPU.Build.0 = Debug|Any CPU
		{999A8EF4-1F3F-512E-A1EF-B0A52B80CA8F}.Release|Any CPU.ActiveCfg = Release|Any CPU
		{999A8EF4-1F3F-512E-A1EF-B0A52B80CA8F}.Release|Any CPU.Build.0 = Release|Any CPU
		{AE5C9BDD-F6CF-0631-B361-76F71F1CD78E}.Debug|Any CPU.ActiveCfg = Debug|Any CPU
		{AE5C9BDD-F6CF-0631-B361-76F71F1CD78E}.Debug|Any CPU.Build.0 = Debug|Any CPU
		{AE5C9BDD-F6CF-0631-B361-76F71F1CD78E}.Release|Any CPU.ActiveCfg = Release|Any CPU
		{AE5C9BDD-F6CF-0631-B361-76F71F1CD78E}.Release|Any CPU.Build.0 = Release|Any CPU
		{FCDFD1E7-09A2-4EC2-D466-EA383573FF42}.Debug|Any CPU.ActiveCfg = Debug|Any CPU
		{FCDFD1E7-09A2-4EC2-D466-EA383573FF42}.Debug|Any CPU.Build.0 = Debug|Any CPU
		{FCDFD1E7-09A2-4EC2-D466-EA383573FF42}.Release|Any CPU.ActiveCfg = Release|Any CPU
		{FCDFD1E7-09A2-4EC2-D466-EA383573FF42}.Release|Any CPU.Build.0 = Release|Any CPU
		{1DF3D60E-7977-E145-25E9-BCC7B431C306}.Debug|Any CPU.ActiveCfg = Debug|Any CPU
		{1DF3D60E-7977-E145-25E9-BCC7B431C306}.Debug|Any CPU.Build.0 = Debug|Any CPU
		{1DF3D60E-7977-E145-25E9-BCC7B431C306}.Release|Any CPU.ActiveCfg = Release|Any CPU
		{1DF3D60E-7977-E145-25E9-BCC7B431C306}.Release|Any CPU.Build.0 = Release|Any CPU
		{6E9D6A3D-1E72-F08D-51FF-FCF9C47FEF93}.Debug|Any CPU.ActiveCfg = Debug|Any CPU
		{6E9D6A3D-1E72-F08D-51FF-FCF9C47FEF93}.Debug|Any CPU.Build.0 = Debug|Any CPU
		{6E9D6A3D-1E72-F08D-51FF-FCF9C47FEF93}.Release|Any CPU.ActiveCfg = Release|Any CPU
		{6E9D6A3D-1E72-F08D-51FF-FCF9C47FEF93}.Release|Any CPU.Build.0 = Release|Any CPU
	EndGlobalSection
	GlobalSection(SolutionProperties) = preSolution
		HideSolutionNode = FALSE
	EndGlobalSection
	GlobalSection(NestedProjects) = preSolution
		{B9BBDD13-A141-4A23-8E04-F00F48800EDD} = {0DA0DDCA-CF1F-4F3A-87FC-B527A04026E0}
		{E4FBCFAA-8B20-42DA-9160-4CB62769682A} = {0DA0DDCA-CF1F-4F3A-87FC-B527A04026E0}
		{53C41BF3-9D5F-468E-8463-AD62B2082A68} = {596BF733-3CBE-4975-ABA3-45A6E2D357A5}
		{02EA681E-C7D8-13C7-8484-4AC65E1B71E8} = {310F2C5A-6698-4ABF-898E-5166CB08C4ED}
		{D54B29E6-15C1-4D82-B836-097C82983DEE} = {310F2C5A-6698-4ABF-898E-5166CB08C4ED}
		{98445655-23DF-4854-A8E2-060901C55693} = {310F2C5A-6698-4ABF-898E-5166CB08C4ED}
		{C7327D4E-09CF-4484-A522-536FFD1D60CD} = {310F2C5A-6698-4ABF-898E-5166CB08C4ED}
		{F79A472F-727A-411A-8484-761D27D19B8A} = {310F2C5A-6698-4ABF-898E-5166CB08C4ED}
		{974370CE-9CE8-42FD-97AD-1FE3C991D4A2} = {310F2C5A-6698-4ABF-898E-5166CB08C4ED}
		{63CE1D8E-D610-4E1F-9557-3BC8C4AB5559} = {310F2C5A-6698-4ABF-898E-5166CB08C4ED}
		{260B3617-531F-4277-8FA3-79F2E0701613} = {310F2C5A-6698-4ABF-898E-5166CB08C4ED}
		{C2D53219-27D3-4A5B-88F2-CAE80644235B} = {260B3617-531F-4277-8FA3-79F2E0701613}
		{7567CF9B-7FB5-44EC-99D5-1B5AB9AE7387} = {F79A472F-727A-411A-8484-761D27D19B8A}
		{568D3A4C-21DE-4C4E-A7C6-0B62182C5E84} = {63CE1D8E-D610-4E1F-9557-3BC8C4AB5559}
		{D5923B5A-72F6-4D11-95AA-B33892B1C8F3} = {310F2C5A-6698-4ABF-898E-5166CB08C4ED}
		{C67531BB-3D88-4E2C-8AE9-991335428932} = {310F2C5A-6698-4ABF-898E-5166CB08C4ED}
		{B392588A-9A4E-4937-9177-4959F44D366D} = {310F2C5A-6698-4ABF-898E-5166CB08C4ED}
		{A0C4F154-6113-4377-87E9-148A0090A357} = {0DA0DDCA-CF1F-4F3A-87FC-B527A04026E0}
		{598875B7-CE89-4733-9750-F603FB444F3C} = {974370CE-9CE8-42FD-97AD-1FE3C991D4A2}
		{8343DF15-77C0-43C2-B607-DCC50E00F0E5} = {0DA0DDCA-CF1F-4F3A-87FC-B527A04026E0}
		{B2EE82B0-F237-4F29-987F-F870CF997092} = {8343DF15-77C0-43C2-B607-DCC50E00F0E5}
		{E5482513-87B2-4615-A738-85312B35D248} = {F79A472F-727A-411A-8484-761D27D19B8A}
		{3BCDF0B9-CC31-45A9-9187-61030DAC457B} = {F79A472F-727A-411A-8484-761D27D19B8A}
		{FABA3A39-32C2-6040-5503-A37A6C4591A1} = {E5482513-87B2-4615-A738-85312B35D248}
		{96DAE549-1579-BCD5-1407-EC502AAF7A10} = {E5482513-87B2-4615-A738-85312B35D248}
		{99EA277D-1511-AC2F-89B0-3120D9EF0D74} = {3BCDF0B9-CC31-45A9-9187-61030DAC457B}
		{AC3DCE5A-3542-46EB-6334-6595D4167590} = {3BCDF0B9-CC31-45A9-9187-61030DAC457B}
		{4C00CE41-F93C-BC03-5C22-1E152025BE87} = {3BCDF0B9-CC31-45A9-9187-61030DAC457B}
		{46E29D2B-CD1B-068F-0BC1-6FFACE8630B3} = {7567CF9B-7FB5-44EC-99D5-1B5AB9AE7387}
		{76D9DA60-9FEF-428D-BB8F-D5CC37C2BF9E} = {63CE1D8E-D610-4E1F-9557-3BC8C4AB5559}
		{C8F5A6EF-509C-4AC5-A1E2-979ACC59E275} = {63CE1D8E-D610-4E1F-9557-3BC8C4AB5559}
		{41B6E8CF-A438-5938-4A6F-1DD952A3A018} = {C8F5A6EF-509C-4AC5-A1E2-979ACC59E275}
		{66231801-8C0A-8475-562C-633E4B0BCD0C} = {76D9DA60-9FEF-428D-BB8F-D5CC37C2BF9E}
		{E95EB8D4-1ACC-918E-3BE8-F4375AB4249E} = {76D9DA60-9FEF-428D-BB8F-D5CC37C2BF9E}
		{D3BD263B-540E-4336-CC0C-71E7DB864703} = {76D9DA60-9FEF-428D-BB8F-D5CC37C2BF9E}
		{B7F65696-6B3F-4EA6-9414-93B34D9AEF9F} = {260B3617-531F-4277-8FA3-79F2E0701613}
		{B1842AE8-41DB-4476-89EB-FAD6373F064E} = {260B3617-531F-4277-8FA3-79F2E0701613}
		{E476274C-FEAF-4EBD-AC24-C7D0382888A0} = {974370CE-9CE8-42FD-97AD-1FE3C991D4A2}
		{33C6BAE6-4C08-470F-BE4E-B91B0B1827A7} = {974370CE-9CE8-42FD-97AD-1FE3C991D4A2}
		{EC5C0FCF-92C1-36C3-BED5-40F6CB12A239} = {E476274C-FEAF-4EBD-AC24-C7D0382888A0}
		{C71CDD94-09C4-D33A-99C4-FD910E9A45F8} = {33C6BAE6-4C08-470F-BE4E-B91B0B1827A7}
		{A6AF0F16-E496-9F3D-573C-A7655291E3C2} = {33C6BAE6-4C08-470F-BE4E-B91B0B1827A7}
		{183AA6B1-F6B3-4B4C-D951-BF44A889B90A} = {33C6BAE6-4C08-470F-BE4E-B91B0B1827A7}
		{62175B17-8406-6674-792C-1C8E68BC11DC} = {598875B7-CE89-4733-9750-F603FB444F3C}
		{999A8EF4-1F3F-512E-A1EF-B0A52B80CA8F} = {568D3A4C-21DE-4C4E-A7C6-0B62182C5E84}
		{21A5BB6B-3737-4409-8E56-5098344DCBC8} = {C7327D4E-09CF-4484-A522-536FFD1D60CD}
		{D083BC24-E9D0-49D2-AB17-BE44090D7C91} = {C7327D4E-09CF-4484-A522-536FFD1D60CD}
		{AE5C9BDD-F6CF-0631-B361-76F71F1CD78E} = {21A5BB6B-3737-4409-8E56-5098344DCBC8}
		{FCDFD1E7-09A2-4EC2-D466-EA383573FF42} = {D083BC24-E9D0-49D2-AB17-BE44090D7C91}
		{1DF3D60E-7977-E145-25E9-BCC7B431C306} = {D083BC24-E9D0-49D2-AB17-BE44090D7C91}
		{6E9D6A3D-1E72-F08D-51FF-FCF9C47FEF93} = {D083BC24-E9D0-49D2-AB17-BE44090D7C91}
	EndGlobalSection
	GlobalSection(ExtensibilityGlobals) = postSolution
		SolutionGuid = {F6F14A8F-92CF-46E4-99A4-78E0093FC991}
	EndGlobalSection
EndGlobal
