
Microsoft Visual Studio Solution File, Format Version 12.00
# Visual Studio Version 17
VisualStudioVersion = 17.10.35004.147
MinimumVisualStudioVersion = 10.0.40219.1
Project("{2150E333-8FDC-42A3-9474-1A3956D46DE8}") = "Services", "Services", "{310F2C5A-6698-4ABF-898E-5166CB08C4ED}"
EndProject
Project("{2150E333-8FDC-42A3-9474-1A3956D46DE8}") = "SharedProjects", "SharedProjects", "{0DA0DDCA-CF1F-4F3A-87FC-B527A04026E0}"
EndProject
Project("{9A19103F-16F7-4668-BE54-9A1E7A4F7556}") = "BuildingBlocks", "src\SharedProjects\BuildingBlocks\BuildingBlocks.csproj", "{B9BBDD13-A141-4A23-8E04-F00F48800EDD}"
EndProject
Project("{9A19103F-16F7-4668-BE54-9A1E7A4F7556}") = "EventSourcing", "src\SharedProjects\EventSourcing\EventSourcing.csproj", "{E4FBCFAA-8B20-42DA-9160-4CB62769682A}"
EndProject
Project("{2150E333-8FDC-42A3-9474-1A3956D46DE8}") = "ApiGateway", "ApiGateway", "{596BF733-3CBE-4975-ABA3-45A6E2D357A5}"
EndProject
Project("{9A19103F-16F7-4668-BE54-9A1E7A4F7556}") = "YarpApiGateway", "src\ApiGateway\YarpApiGateway\YarpApiGateway.csproj", "{53C41BF3-9D5F-468E-8463-AD62B2082A68}"
EndProject
Project("{2150E333-8FDC-42A3-9474-1A3956D46DE8}") = "Solution Items", "Solution Items", "{D095784E-9749-42E9-9400-49093A205DE5}"
	ProjectSection(SolutionItems) = preProject
		.env = .env
		docker-compose-db-infra.yaml = docker-compose-db-infra.yaml
		docker-compose.yaml = docker-compose.yaml
		LICENSE = LICENSE
		README.md = README.md
		setup-db.sh = setup-db.sh
	EndProjectSection
EndProject
Project("{2150E333-8FDC-42A3-9474-1A3956D46DE8}") = "Payment", "Payment", "{02EA681E-C7D8-13C7-8484-4AC65E1B71E8}"
EndProject
Project("{FAE04EC0-301F-11D3-BF4B-00C04F79EFBC}") = "SourceCommon", "src\SharedProjects\SourceCommon\SourceCommon.csproj", "{2E0CCED0-4A3F-5AC8-58AD-72E9367F5E69}"
EndProject
Project("{2150E333-8FDC-42A3-9474-1A3956D46DE8}") = "Search", "Search", "{D54B29E6-15C1-4D82-B836-097C82983DEE}"
EndProject
Project("{2150E333-8FDC-42A3-9474-1A3956D46DE8}") = "Discount", "Discount", "{98445655-23DF-4854-A8E2-060901C55693}"
EndProject
Project("{2150E333-8FDC-42A3-9474-1A3956D46DE8}") = "Basket", "Basket", "{C7327D4E-09CF-4484-A522-536FFD1D60CD}"
EndProject
Project("{2150E333-8FDC-42A3-9474-1A3956D46DE8}") = "Catalog", "Catalog", "{F79A472F-727A-411A-8484-761D27D19B8A}"
EndProject
Project("{2150E333-8FDC-42A3-9474-1A3956D46DE8}") = "Order", "Order", "{974370CE-9CE8-42FD-97AD-1FE3C991D4A2}"
EndProject
Project("{2150E333-8FDC-42A3-9474-1A3956D46DE8}") = "Inventory", "Inventory", "{63CE1D8E-D610-4E1F-9557-3BC8C4AB5559}"
EndProject
Project("{2150E333-8FDC-42A3-9474-1A3956D46DE8}") = "User", "User", "{48E5517A-EF57-42F8-8655-0C53164A8A0C}"
EndProject
Project("{FAE04EC0-301F-11D3-BF4B-00C04F79EFBC}") = "Domain", "src\Services\User\Domain\Domain.csproj", "{89002BD1-12CE-B1FF-838C-416A9811C116}"
EndProject
Project("{FAE04EC0-301F-11D3-BF4B-00C04F79EFBC}") = "Infrastructure", "src\Services\User\Infrastructure\Infrastructure.csproj", "{2B79481C-33DA-0F16-584D-E78E6A77AD63}"
EndProject
Project("{FAE04EC0-301F-11D3-BF4B-00C04F79EFBC}") = "Application", "src\Services\User\Application\Application.csproj", "{91879E73-A7DF-6594-819D-D9A59D2B81AB}"
EndProject
Project("{FAE04EC0-301F-11D3-BF4B-00C04F79EFBC}") = "API", "src\Services\User\API\API.csproj", "{A9B730CE-8423-7CC4-822F-00151A88193B}"
EndProject
Global
	GlobalSection(SolutionConfigurationPlatforms) = preSolution
		Debug|Any CPU = Debug|Any CPU
		Release|Any CPU = Release|Any CPU
	EndGlobalSection
	GlobalSection(ProjectConfigurationPlatforms) = postSolution
		{B9BBDD13-A141-4A23-8E04-F00F48800EDD}.Debug|Any CPU.ActiveCfg = Debug|Any CPU
		{B9BBDD13-A141-4A23-8E04-F00F48800EDD}.Debug|Any CPU.Build.0 = Debug|Any CPU
		{B9BBDD13-A141-4A23-8E04-F00F48800EDD}.Release|Any CPU.ActiveCfg = Release|Any CPU
		{B9BBDD13-A141-4A23-8E04-F00F48800EDD}.Release|Any CPU.Build.0 = Release|Any CPU
		{E4FBCFAA-8B20-42DA-9160-4CB62769682A}.Debug|Any CPU.ActiveCfg = Debug|Any CPU
		{E4FBCFAA-8B20-42DA-9160-4CB62769682A}.Debug|Any CPU.Build.0 = Debug|Any CPU
		{E4FBCFAA-8B20-42DA-9160-4CB62769682A}.Release|Any CPU.ActiveCfg = Release|Any CPU
		{E4FBCFAA-8B20-42DA-9160-4CB62769682A}.Release|Any CPU.Build.0 = Release|Any CPU
		{53C41BF3-9D5F-468E-8463-AD62B2082A68}.Debug|Any CPU.ActiveCfg = Debug|Any CPU
		{53C41BF3-9D5F-468E-8463-AD62B2082A68}.Debug|Any CPU.Build.0 = Debug|Any CPU
		{53C41BF3-9D5F-468E-8463-AD62B2082A68}.Release|Any CPU.ActiveCfg = Release|Any CPU
		{53C41BF3-9D5F-468E-8463-AD62B2082A68}.Release|Any CPU.Build.0 = Release|Any CPU
		{2E0CCED0-4A3F-5AC8-58AD-72E9367F5E69}.Debug|Any CPU.ActiveCfg = Debug|Any CPU
		{2E0CCED0-4A3F-5AC8-58AD-72E9367F5E69}.Debug|Any CPU.Build.0 = Debug|Any CPU
		{2E0CCED0-4A3F-5AC8-58AD-72E9367F5E69}.Release|Any CPU.ActiveCfg = Release|Any CPU
		{2E0CCED0-4A3F-5AC8-58AD-72E9367F5E69}.Release|Any CPU.Build.0 = Release|Any CPU
		{89002BD1-12CE-B1FF-838C-416A9811C116}.Debug|Any CPU.ActiveCfg = Debug|Any CPU
		{89002BD1-12CE-B1FF-838C-416A9811C116}.Debug|Any CPU.Build.0 = Debug|Any CPU
		{89002BD1-12CE-B1FF-838C-416A9811C116}.Release|Any CPU.ActiveCfg = Release|Any CPU
		{89002BD1-12CE-B1FF-838C-416A9811C116}.Release|Any CPU.Build.0 = Release|Any CPU
		{2B79481C-33DA-0F16-584D-E78E6A77AD63}.Debug|Any CPU.ActiveCfg = Debug|Any CPU
		{2B79481C-33DA-0F16-584D-E78E6A77AD63}.Debug|Any CPU.Build.0 = Debug|Any CPU
		{2B79481C-33DA-0F16-584D-E78E6A77AD63}.Release|Any CPU.ActiveCfg = Release|Any CPU
		{2B79481C-33DA-0F16-584D-E78E6A77AD63}.Release|Any CPU.Build.0 = Release|Any CPU
		{91879E73-A7DF-6594-819D-D9A59D2B81AB}.Debug|Any CPU.ActiveCfg = Debug|Any CPU
		{91879E73-A7DF-6594-819D-D9A59D2B81AB}.Debug|Any CPU.Build.0 = Debug|Any CPU
		{91879E73-A7DF-6594-819D-D9A59D2B81AB}.Release|Any CPU.ActiveCfg = Release|Any CPU
		{91879E73-A7DF-6594-819D-D9A59D2B81AB}.Release|Any CPU.Build.0 = Release|Any CPU
		{A9B730CE-8423-7CC4-822F-00151A88193B}.Debug|Any CPU.ActiveCfg = Debug|Any CPU
		{A9B730CE-8423-7CC4-822F-00151A88193B}.Debug|Any CPU.Build.0 = Debug|Any CPU
		{A9B730CE-8423-7CC4-822F-00151A88193B}.Release|Any CPU.ActiveCfg = Release|Any CPU
		{A9B730CE-8423-7CC4-822F-00151A88193B}.Release|Any CPU.Build.0 = Release|Any CPU
	EndGlobalSection
	GlobalSection(SolutionProperties) = preSolution
		HideSolutionNode = FALSE
	EndGlobalSection
	GlobalSection(NestedProjects) = preSolution
		{B9BBDD13-A141-4A23-8E04-F00F48800EDD} = {0DA0DDCA-CF1F-4F3A-87FC-B527A04026E0}
		{E4FBCFAA-8B20-42DA-9160-4CB62769682A} = {0DA0DDCA-CF1F-4F3A-87FC-B527A04026E0}
		{53C41BF3-9D5F-468E-8463-AD62B2082A68} = {596BF733-3CBE-4975-ABA3-45A6E2D357A5}
		{02EA681E-C7D8-13C7-8484-4AC65E1B71E8} = {310F2C5A-6698-4ABF-898E-5166CB08C4ED}
		{2E0CCED0-4A3F-5AC8-58AD-72E9367F5E69} = {0DA0DDCA-CF1F-4F3A-87FC-B527A04026E0}
		{D54B29E6-15C1-4D82-B836-097C82983DEE} = {310F2C5A-6698-4ABF-898E-5166CB08C4ED}
		{98445655-23DF-4854-A8E2-060901C55693} = {310F2C5A-6698-4ABF-898E-5166CB08C4ED}
		{C7327D4E-09CF-4484-A522-536FFD1D60CD} = {310F2C5A-6698-4ABF-898E-5166CB08C4ED}
		{F79A472F-727A-411A-8484-761D27D19B8A} = {310F2C5A-6698-4ABF-898E-5166CB08C4ED}
		{974370CE-9CE8-42FD-97AD-1FE3C991D4A2} = {310F2C5A-6698-4ABF-898E-5166CB08C4ED}
		{63CE1D8E-D610-4E1F-9557-3BC8C4AB5559} = {310F2C5A-6698-4ABF-898E-5166CB08C4ED}
		{48E5517A-EF57-42F8-8655-0C53164A8A0C} = {310F2C5A-6698-4ABF-898E-5166CB08C4ED}
		{89002BD1-12CE-B1FF-838C-416A9811C116} = {48E5517A-EF57-42F8-8655-0C53164A8A0C}
		{2B79481C-33DA-0F16-584D-E78E6A77AD63} = {48E5517A-EF57-42F8-8655-0C53164A8A0C}
		{91879E73-A7DF-6594-819D-D9A59D2B81AB} = {48E5517A-EF57-42F8-8655-0C53164A8A0C}
		{A9B730CE-8423-7CC4-822F-00151A88193B} = {48E5517A-EF57-42F8-8655-0C53164A8A0C}
	EndGlobalSection
	GlobalSection(ExtensibilityGlobals) = postSolution
		SolutionGuid = {F6F14A8F-92CF-46E4-99A4-78E0093FC991}
	EndGlobalSection
EndGlobal
