
Microsoft Visual Studio Solution File, Format Version 12.00
# Visual Studio Version 17
VisualStudioVersion = 17.10.35004.147
MinimumVisualStudioVersion = 10.0.40219.1
Project("{2150E333-8FDC-42A3-9474-1A3956D46DE8}") = "Services", "Services", "{310F2C5A-6698-4ABF-898E-5166CB08C4ED}"
EndProject
Project("{2150E333-8FDC-42A3-9474-1A3956D46DE8}") = "Shared", "Shared", "{0DA0DDCA-CF1F-4F3A-87FC-B527A04026E0}"
EndProject
Project("{9A19103F-16F7-4668-BE54-9A1E7A4F7556}") = "BuildingBlocks", "src\Shared\BuildingBlocks\BuildingBlocks.csproj", "{B9BBDD13-A141-4A23-8E04-F00F48800EDD}"
EndProject
Project("{9A19103F-16F7-4668-BE54-9A1E7A4F7556}") = "EventSourcing", "src\Shared\EventSourcing\EventSourcing.csproj", "{E4FBCFAA-8B20-42DA-9160-4CB62769682A}"
EndProject
Project("{2150E333-8FDC-42A3-9474-1A3956D46DE8}") = "ApiGateway", "ApiGateway", "{596BF733-3CBE-4975-ABA3-45A6E2D357A5}"
EndProject
Project("{9A19103F-16F7-4668-BE54-9A1E7A4F7556}") = "YarpApiGateway", "src\ApiGateway\YarpApiGateway\YarpApiGateway.csproj", "{53C41BF3-9D5F-468E-8463-AD62B2082A68}"
EndProject
Project("{2150E333-8FDC-42A3-9474-1A3956D46DE8}") = "Solution Items", "Solution Items", "{D095784E-9749-42E9-9400-49093A205DE5}"
	ProjectSection(SolutionItems) = preProject
		.env = .env
		.env.sample = .env.sample
		.gitignore = .gitignore
		add-migration.bat = add-migration.bat
		docker-compose-infra.yml = docker-compose-infra.yml
		docker-compose.yml = docker-compose.yml
		LICENSE = LICENSE
		README.md = README.md
		setup-db.sh = setup-db.sh
	EndProjectSection
EndProject
Project("{2150E333-8FDC-42A3-9474-1A3956D46DE8}") = "Payment", "Payment", "{02EA681E-C7D8-13C7-8484-4AC65E1B71E8}"
EndProject
Project("{2150E333-8FDC-42A3-9474-1A3956D46DE8}") = "Search", "Search", "{D54B29E6-15C1-4D82-B836-097C82983DEE}"
EndProject
Project("{2150E333-8FDC-42A3-9474-1A3956D46DE8}") = "Discount", "Discount", "{98445655-23DF-4854-A8E2-060901C55693}"
EndProject
Project("{2150E333-8FDC-42A3-9474-1A3956D46DE8}") = "Basket", "Basket", "{C7327D4E-09CF-4484-A522-536FFD1D60CD}"
EndProject
Project("{2150E333-8FDC-42A3-9474-1A3956D46DE8}") = "Catalog", "Catalog", "{F79A472F-727A-411A-8484-761D27D19B8A}"
EndProject
Project("{2150E333-8FDC-42A3-9474-1A3956D46DE8}") = "Order", "Order", "{974370CE-9CE8-42FD-97AD-1FE3C991D4A2}"
EndProject
Project("{2150E333-8FDC-42A3-9474-1A3956D46DE8}") = "Inventory", "Inventory", "{63CE1D8E-D610-4E1F-9557-3BC8C4AB5559}"
EndProject
Project("{2150E333-8FDC-42A3-9474-1A3956D46DE8}") = "Notification", "Notification", "{260B3617-531F-4277-8FA3-79F2E0701613}"
EndProject
Project("{FAE04EC0-301F-11D3-BF4B-00C04F79EFBC}") = "Notification.Api", "src\Services\Notification\API\Notification.Api.csproj", "{A8ACD060-8575-F2D4-0ADA-B4F8C1718B7B}"
EndProject
Project("{FAE04EC0-301F-11D3-BF4B-00C04F79EFBC}") = "Notification.Application", "src\Services\Notification\Application\Notification.Application.csproj", "{3FA3FC88-9C39-DDE3-7C67-B295FF103967}"
EndProject
Project("{FAE04EC0-301F-11D3-BF4B-00C04F79EFBC}") = "Notification.Domain", "src\Services\Notification\Domain\Notification.Domain.csproj", "{679C6DD0-7215-5C10-8838-646A709C285C}"
EndProject
Project("{FAE04EC0-301F-11D3-BF4B-00C04F79EFBC}") = "Notification.Infrastructure", "src\Services\Notification\Infrastructure\Notification.Infrastructure.csproj", "{DE1B97F4-3D0E-B784-624F-487A2B614FAF}"
EndProject
Project("{2150E333-8FDC-42A3-9474-1A3956D46DE8}") = "Worker", "Worker", "{C2D53219-27D3-4A5B-88F2-CAE80644235B}"
EndProject
Project("{FAE04EC0-301F-11D3-BF4B-00C04F79EFBC}") = "Catalog.Api", "src\Services\Catalog\API\Catalog.Api.csproj", "{CF5C3A86-8286-741A-E01C-8FFD901AC1EE}"
EndProject
Project("{FAE04EC0-301F-11D3-BF4B-00C04F79EFBC}") = "Catalog.Application", "src\Services\Catalog\Application\Catalog.Application.csproj", "{14FC387B-719F-6BC4-74A8-DCB0427700FF}"
EndProject
Project("{FAE04EC0-301F-11D3-BF4B-00C04F79EFBC}") = "Catalog.Domain", "src\Services\Catalog\Domain\Catalog.Domain.csproj", "{C2351FCF-8572-D0E9-3B04-03C6291348E8}"
EndProject
Project("{FAE04EC0-301F-11D3-BF4B-00C04F79EFBC}") = "Catalog.Infrastructure", "src\Services\Catalog\Infrastructure\Catalog.Infrastructure.csproj", "{F1C849B0-BBAF-C50E-E95B-3A38A591AE07}"
EndProject
Project("{2150E333-8FDC-42A3-9474-1A3956D46DE8}") = "Worker", "Worker", "{7567CF9B-7FB5-44EC-99D5-1B5AB9AE7387}"
EndProject
Project("{FAE04EC0-301F-11D3-BF4B-00C04F79EFBC}") = "Inventory.Api", "src\Services\Inventory\API\Inventory.Api.csproj", "{A2D1DBFE-7B54-2D75-F99A-A8B7FB412B04}"
EndProject
Project("{FAE04EC0-301F-11D3-BF4B-00C04F79EFBC}") = "Inventory.Application", "src\Services\Inventory\Application\Inventory.Application.csproj", "{E360343F-8DA6-FE8F-6B9C-73A16AB7C57F}"
EndProject
Project("{FAE04EC0-301F-11D3-BF4B-00C04F79EFBC}") = "Inventory.Domain", "src\Services\Inventory\Domain\Inventory.Domain.csproj", "{ED7E9990-E59E-CEEB-856E-82D4101584A6}"
EndProject
Project("{FAE04EC0-301F-11D3-BF4B-00C04F79EFBC}") = "Inventory.Infrastructure", "src\Services\Inventory\Infrastructure\Inventory.Infrastructure.csproj", "{D9A40CE9-22A5-2DDF-449C-32E9907FAF55}"
EndProject
Project("{2150E333-8FDC-42A3-9474-1A3956D46DE8}") = "Worker", "Worker", "{568D3A4C-21DE-4C4E-A7C6-0B62182C5E84}"
EndProject
Project("{FAE04EC0-301F-11D3-BF4B-00C04F79EFBC}") = "Notification.Worker", "src\Services\Notification\Worker\Notification.Worker.csproj", "{BBB5E158-E8CE-067B-D6E1-DA33E56F3BBE}"
EndProject
Project("{FAE04EC0-301F-11D3-BF4B-00C04F79EFBC}") = "Inventory.Worker", "src\Services\Inventory\Worker\Inventory.Worker.csproj", "{D8A88832-26D9-44A1-AFF7-28DBC8F556E2}"
EndProject
Project("{2150E333-8FDC-42A3-9474-1A3956D46DE8}") = "Report", "Report", "{D5923B5A-72F6-4D11-95AA-B33892B1C8F3}"
EndProject
Project("{2150E333-8FDC-42A3-9474-1A3956D46DE8}") = "JobScheduler", "JobScheduler", "{C67531BB-3D88-4E2C-8AE9-991335428932}"
EndProject
Project("{2150E333-8FDC-42A3-9474-1A3956D46DE8}") = "Customer", "Customer", "{B392588A-9A4E-4937-9177-4959F44D366D}"
EndProject
Project("{FAE04EC0-301F-11D3-BF4B-00C04F79EFBC}") = "Catalog.Worker", "src\Services\Catalog\Worker\Catalog.Worker.csproj", "{FB3AE905-CC32-49F2-9678-83CDA25E6767}"
EndProject
Project("{FAE04EC0-301F-11D3-BF4B-00C04F79EFBC}") = "Common", "src\Shared\Common\Common.csproj", "{A0C4F154-6113-4377-87E9-148A0090A357}"
EndProject
Project("{FAE04EC0-301F-11D3-BF4B-00C04F79EFBC}") = "Order.Api", "src\Services\Order\API\Order.Api.csproj", "{7E691CCA-F16C-C270-DB9A-466D0287FFAB}"
EndProject
Project("{FAE04EC0-301F-11D3-BF4B-00C04F79EFBC}") = "Order.Application", "src\Services\Order\Application\Order.Application.csproj", "{25F9DED9-6F66-C37B-4F8A-32ACFF589464}"
EndProject
Project("{FAE04EC0-301F-11D3-BF4B-00C04F79EFBC}") = "Order.Domain", "src\Services\Order\Domain\Order.Domain.csproj", "{ED27C172-8272-F7B7-8026-67E9EC225A78}"
EndProject
Project("{FAE04EC0-301F-11D3-BF4B-00C04F79EFBC}") = "Order.Infrastructure", "src\Services\Order\Infrastructure\Order.Infrastructure.csproj", "{6233C30A-BC06-57EF-D865-BDA0BDBBD4B1}"
EndProject
Project("{2150E333-8FDC-42A3-9474-1A3956D46DE8}") = "Worker", "Worker", "{598875B7-CE89-4733-9750-F603FB444F3C}"
EndProject
Project("{FAE04EC0-301F-11D3-BF4B-00C04F79EFBC}") = "Order.Worker", "src\Services\Order\Worker\Order.Worker.csproj", "{29F67C11-8D51-351C-D467-5C4B3B0BB75B}"
EndProject
Global
	GlobalSection(SolutionConfigurationPlatforms) = preSolution
		Debug|Any CPU = Debug|Any CPU
		Release|Any CPU = Release|Any CPU
	EndGlobalSection
	GlobalSection(ProjectConfigurationPlatforms) = postSolution
		{B9BBDD13-A141-4A23-8E04-F00F48800EDD}.Debug|Any CPU.ActiveCfg = Debug|Any CPU
		{B9BBDD13-A141-4A23-8E04-F00F48800EDD}.Debug|Any CPU.Build.0 = Debug|Any CPU
		{B9BBDD13-A141-4A23-8E04-F00F48800EDD}.Release|Any CPU.ActiveCfg = Release|Any CPU
		{B9BBDD13-A141-4A23-8E04-F00F48800EDD}.Release|Any CPU.Build.0 = Release|Any CPU
		{E4FBCFAA-8B20-42DA-9160-4CB62769682A}.Debug|Any CPU.ActiveCfg = Debug|Any CPU
		{E4FBCFAA-8B20-42DA-9160-4CB62769682A}.Debug|Any CPU.Build.0 = Debug|Any CPU
		{E4FBCFAA-8B20-42DA-9160-4CB62769682A}.Release|Any CPU.ActiveCfg = Release|Any CPU
		{E4FBCFAA-8B20-42DA-9160-4CB62769682A}.Release|Any CPU.Build.0 = Release|Any CPU
		{53C41BF3-9D5F-468E-8463-AD62B2082A68}.Debug|Any CPU.ActiveCfg = Debug|Any CPU
		{53C41BF3-9D5F-468E-8463-AD62B2082A68}.Debug|Any CPU.Build.0 = Debug|Any CPU
		{53C41BF3-9D5F-468E-8463-AD62B2082A68}.Release|Any CPU.ActiveCfg = Release|Any CPU
		{53C41BF3-9D5F-468E-8463-AD62B2082A68}.Release|Any CPU.Build.0 = Release|Any CPU
		{A8ACD060-8575-F2D4-0ADA-B4F8C1718B7B}.Debug|Any CPU.ActiveCfg = Debug|Any CPU
		{A8ACD060-8575-F2D4-0ADA-B4F8C1718B7B}.Debug|Any CPU.Build.0 = Debug|Any CPU
		{A8ACD060-8575-F2D4-0ADA-B4F8C1718B7B}.Release|Any CPU.ActiveCfg = Release|Any CPU
		{A8ACD060-8575-F2D4-0ADA-B4F8C1718B7B}.Release|Any CPU.Build.0 = Release|Any CPU
		{3FA3FC88-9C39-DDE3-7C67-B295FF103967}.Debug|Any CPU.ActiveCfg = Debug|Any CPU
		{3FA3FC88-9C39-DDE3-7C67-B295FF103967}.Debug|Any CPU.Build.0 = Debug|Any CPU
		{3FA3FC88-9C39-DDE3-7C67-B295FF103967}.Release|Any CPU.ActiveCfg = Release|Any CPU
		{3FA3FC88-9C39-DDE3-7C67-B295FF103967}.Release|Any CPU.Build.0 = Release|Any CPU
		{679C6DD0-7215-5C10-8838-646A709C285C}.Debug|Any CPU.ActiveCfg = Debug|Any CPU
		{679C6DD0-7215-5C10-8838-646A709C285C}.Debug|Any CPU.Build.0 = Debug|Any CPU
		{679C6DD0-7215-5C10-8838-646A709C285C}.Release|Any CPU.ActiveCfg = Release|Any CPU
		{679C6DD0-7215-5C10-8838-646A709C285C}.Release|Any CPU.Build.0 = Release|Any CPU
		{DE1B97F4-3D0E-B784-624F-487A2B614FAF}.Debug|Any CPU.ActiveCfg = Debug|Any CPU
		{DE1B97F4-3D0E-B784-624F-487A2B614FAF}.Debug|Any CPU.Build.0 = Debug|Any CPU
		{DE1B97F4-3D0E-B784-624F-487A2B614FAF}.Release|Any CPU.ActiveCfg = Release|Any CPU
		{DE1B97F4-3D0E-B784-624F-487A2B614FAF}.Release|Any CPU.Build.0 = Release|Any CPU
		{CF5C3A86-8286-741A-E01C-8FFD901AC1EE}.Debug|Any CPU.ActiveCfg = Debug|Any CPU
		{CF5C3A86-8286-741A-E01C-8FFD901AC1EE}.Debug|Any CPU.Build.0 = Debug|Any CPU
		{CF5C3A86-8286-741A-E01C-8FFD901AC1EE}.Release|Any CPU.ActiveCfg = Release|Any CPU
		{CF5C3A86-8286-741A-E01C-8FFD901AC1EE}.Release|Any CPU.Build.0 = Release|Any CPU
		{14FC387B-719F-6BC4-74A8-DCB0427700FF}.Debug|Any CPU.ActiveCfg = Debug|Any CPU
		{14FC387B-719F-6BC4-74A8-DCB0427700FF}.Debug|Any CPU.Build.0 = Debug|Any CPU
		{14FC387B-719F-6BC4-74A8-DCB0427700FF}.Release|Any CPU.ActiveCfg = Release|Any CPU
		{14FC387B-719F-6BC4-74A8-DCB0427700FF}.Release|Any CPU.Build.0 = Release|Any CPU
		{C2351FCF-8572-D0E9-3B04-03C6291348E8}.Debug|Any CPU.ActiveCfg = Debug|Any CPU
		{C2351FCF-8572-D0E9-3B04-03C6291348E8}.Debug|Any CPU.Build.0 = Debug|Any CPU
		{C2351FCF-8572-D0E9-3B04-03C6291348E8}.Release|Any CPU.ActiveCfg = Release|Any CPU
		{C2351FCF-8572-D0E9-3B04-03C6291348E8}.Release|Any CPU.Build.0 = Release|Any CPU
		{F1C849B0-BBAF-C50E-E95B-3A38A591AE07}.Debug|Any CPU.ActiveCfg = Debug|Any CPU
		{F1C849B0-BBAF-C50E-E95B-3A38A591AE07}.Debug|Any CPU.Build.0 = Debug|Any CPU
		{F1C849B0-BBAF-C50E-E95B-3A38A591AE07}.Release|Any CPU.ActiveCfg = Release|Any CPU
		{F1C849B0-BBAF-C50E-E95B-3A38A591AE07}.Release|Any CPU.Build.0 = Release|Any CPU
		{A2D1DBFE-7B54-2D75-F99A-A8B7FB412B04}.Debug|Any CPU.ActiveCfg = Debug|Any CPU
		{A2D1DBFE-7B54-2D75-F99A-A8B7FB412B04}.Debug|Any CPU.Build.0 = Debug|Any CPU
		{A2D1DBFE-7B54-2D75-F99A-A8B7FB412B04}.Release|Any CPU.ActiveCfg = Release|Any CPU
		{A2D1DBFE-7B54-2D75-F99A-A8B7FB412B04}.Release|Any CPU.Build.0 = Release|Any CPU
		{E360343F-8DA6-FE8F-6B9C-73A16AB7C57F}.Debug|Any CPU.ActiveCfg = Debug|Any CPU
		{E360343F-8DA6-FE8F-6B9C-73A16AB7C57F}.Debug|Any CPU.Build.0 = Debug|Any CPU
		{E360343F-8DA6-FE8F-6B9C-73A16AB7C57F}.Release|Any CPU.ActiveCfg = Release|Any CPU
		{E360343F-8DA6-FE8F-6B9C-73A16AB7C57F}.Release|Any CPU.Build.0 = Release|Any CPU
		{ED7E9990-E59E-CEEB-856E-82D4101584A6}.Debug|Any CPU.ActiveCfg = Debug|Any CPU
		{ED7E9990-E59E-CEEB-856E-82D4101584A6}.Debug|Any CPU.Build.0 = Debug|Any CPU
		{ED7E9990-E59E-CEEB-856E-82D4101584A6}.Release|Any CPU.ActiveCfg = Release|Any CPU
		{ED7E9990-E59E-CEEB-856E-82D4101584A6}.Release|Any CPU.Build.0 = Release|Any CPU
		{D9A40CE9-22A5-2DDF-449C-32E9907FAF55}.Debug|Any CPU.ActiveCfg = Debug|Any CPU
		{D9A40CE9-22A5-2DDF-449C-32E9907FAF55}.Debug|Any CPU.Build.0 = Debug|Any CPU
		{D9A40CE9-22A5-2DDF-449C-32E9907FAF55}.Release|Any CPU.ActiveCfg = Release|Any CPU
		{D9A40CE9-22A5-2DDF-449C-32E9907FAF55}.Release|Any CPU.Build.0 = Release|Any CPU
		{BBB5E158-E8CE-067B-D6E1-DA33E56F3BBE}.Debug|Any CPU.ActiveCfg = Debug|Any CPU
		{BBB5E158-E8CE-067B-D6E1-DA33E56F3BBE}.Debug|Any CPU.Build.0 = Debug|Any CPU
		{BBB5E158-E8CE-067B-D6E1-DA33E56F3BBE}.Release|Any CPU.ActiveCfg = Release|Any CPU
		{BBB5E158-E8CE-067B-D6E1-DA33E56F3BBE}.Release|Any CPU.Build.0 = Release|Any CPU
		{D8A88832-26D9-44A1-AFF7-28DBC8F556E2}.Debug|Any CPU.ActiveCfg = Debug|Any CPU
		{D8A88832-26D9-44A1-AFF7-28DBC8F556E2}.Debug|Any CPU.Build.0 = Debug|Any CPU
		{D8A88832-26D9-44A1-AFF7-28DBC8F556E2}.Release|Any CPU.ActiveCfg = Release|Any CPU
		{D8A88832-26D9-44A1-AFF7-28DBC8F556E2}.Release|Any CPU.Build.0 = Release|Any CPU
		{FB3AE905-CC32-49F2-9678-83CDA25E6767}.Debug|Any CPU.ActiveCfg = Debug|Any CPU
		{FB3AE905-CC32-49F2-9678-83CDA25E6767}.Debug|Any CPU.Build.0 = Debug|Any CPU
		{FB3AE905-CC32-49F2-9678-83CDA25E6767}.Release|Any CPU.ActiveCfg = Release|Any CPU
		{FB3AE905-CC32-49F2-9678-83CDA25E6767}.Release|Any CPU.Build.0 = Release|Any CPU
		{A0C4F154-6113-4377-87E9-148A0090A357}.Debug|Any CPU.ActiveCfg = Debug|Any CPU
		{A0C4F154-6113-4377-87E9-148A0090A357}.Debug|Any CPU.Build.0 = Debug|Any CPU
		{A0C4F154-6113-4377-87E9-148A0090A357}.Release|Any CPU.ActiveCfg = Release|Any CPU
		{A0C4F154-6113-4377-87E9-148A0090A357}.Release|Any CPU.Build.0 = Release|Any CPU
		{7E691CCA-F16C-C270-DB9A-466D0287FFAB}.Debug|Any CPU.ActiveCfg = Debug|Any CPU
		{7E691CCA-F16C-C270-DB9A-466D0287FFAB}.Debug|Any CPU.Build.0 = Debug|Any CPU
		{7E691CCA-F16C-C270-DB9A-466D0287FFAB}.Release|Any CPU.ActiveCfg = Release|Any CPU
		{7E691CCA-F16C-C270-DB9A-466D0287FFAB}.Release|Any CPU.Build.0 = Release|Any CPU
		{25F9DED9-6F66-C37B-4F8A-32ACFF589464}.Debug|Any CPU.ActiveCfg = Debug|Any CPU
		{25F9DED9-6F66-C37B-4F8A-32ACFF589464}.Debug|Any CPU.Build.0 = Debug|Any CPU
		{25F9DED9-6F66-C37B-4F8A-32ACFF589464}.Release|Any CPU.ActiveCfg = Release|Any CPU
		{25F9DED9-6F66-C37B-4F8A-32ACFF589464}.Release|Any CPU.Build.0 = Release|Any CPU
		{ED27C172-8272-F7B7-8026-67E9EC225A78}.Debug|Any CPU.ActiveCfg = Debug|Any CPU
		{ED27C172-8272-F7B7-8026-67E9EC225A78}.Debug|Any CPU.Build.0 = Debug|Any CPU
		{ED27C172-8272-F7B7-8026-67E9EC225A78}.Release|Any CPU.ActiveCfg = Release|Any CPU
		{ED27C172-8272-F7B7-8026-67E9EC225A78}.Release|Any CPU.Build.0 = Release|Any CPU
		{6233C30A-BC06-57EF-D865-BDA0BDBBD4B1}.Debug|Any CPU.ActiveCfg = Debug|Any CPU
		{6233C30A-BC06-57EF-D865-BDA0BDBBD4B1}.Debug|Any CPU.Build.0 = Debug|Any CPU
		{6233C30A-BC06-57EF-D865-BDA0BDBBD4B1}.Release|Any CPU.ActiveCfg = Release|Any CPU
		{6233C30A-BC06-57EF-D865-BDA0BDBBD4B1}.Release|Any CPU.Build.0 = Release|Any CPU
		{29F67C11-8D51-351C-D467-5C4B3B0BB75B}.Debug|Any CPU.ActiveCfg = Debug|Any CPU
		{29F67C11-8D51-351C-D467-5C4B3B0BB75B}.Debug|Any CPU.Build.0 = Debug|Any CPU
		{29F67C11-8D51-351C-D467-5C4B3B0BB75B}.Release|Any CPU.ActiveCfg = Release|Any CPU
		{29F67C11-8D51-351C-D467-5C4B3B0BB75B}.Release|Any CPU.Build.0 = Release|Any CPU
	EndGlobalSection
	GlobalSection(SolutionProperties) = preSolution
		HideSolutionNode = FALSE
	EndGlobalSection
	GlobalSection(NestedProjects) = preSolution
		{B9BBDD13-A141-4A23-8E04-F00F48800EDD} = {0DA0DDCA-CF1F-4F3A-87FC-B527A04026E0}
		{E4FBCFAA-8B20-42DA-9160-4CB62769682A} = {0DA0DDCA-CF1F-4F3A-87FC-B527A04026E0}
		{53C41BF3-9D5F-468E-8463-AD62B2082A68} = {596BF733-3CBE-4975-ABA3-45A6E2D357A5}
		{02EA681E-C7D8-13C7-8484-4AC65E1B71E8} = {310F2C5A-6698-4ABF-898E-5166CB08C4ED}
		{D54B29E6-15C1-4D82-B836-097C82983DEE} = {310F2C5A-6698-4ABF-898E-5166CB08C4ED}
		{98445655-23DF-4854-A8E2-060901C55693} = {310F2C5A-6698-4ABF-898E-5166CB08C4ED}
		{C7327D4E-09CF-4484-A522-536FFD1D60CD} = {310F2C5A-6698-4ABF-898E-5166CB08C4ED}
		{F79A472F-727A-411A-8484-761D27D19B8A} = {310F2C5A-6698-4ABF-898E-5166CB08C4ED}
		{974370CE-9CE8-42FD-97AD-1FE3C991D4A2} = {310F2C5A-6698-4ABF-898E-5166CB08C4ED}
		{63CE1D8E-D610-4E1F-9557-3BC8C4AB5559} = {310F2C5A-6698-4ABF-898E-5166CB08C4ED}
		{260B3617-531F-4277-8FA3-79F2E0701613} = {310F2C5A-6698-4ABF-898E-5166CB08C4ED}
		{A8ACD060-8575-F2D4-0ADA-B4F8C1718B7B} = {260B3617-531F-4277-8FA3-79F2E0701613}
		{3FA3FC88-9C39-DDE3-7C67-B295FF103967} = {260B3617-531F-4277-8FA3-79F2E0701613}
		{679C6DD0-7215-5C10-8838-646A709C285C} = {260B3617-531F-4277-8FA3-79F2E0701613}
		{DE1B97F4-3D0E-B784-624F-487A2B614FAF} = {260B3617-531F-4277-8FA3-79F2E0701613}
		{C2D53219-27D3-4A5B-88F2-CAE80644235B} = {260B3617-531F-4277-8FA3-79F2E0701613}
		{CF5C3A86-8286-741A-E01C-8FFD901AC1EE} = {F79A472F-727A-411A-8484-761D27D19B8A}
		{14FC387B-719F-6BC4-74A8-DCB0427700FF} = {F79A472F-727A-411A-8484-761D27D19B8A}
		{C2351FCF-8572-D0E9-3B04-03C6291348E8} = {F79A472F-727A-411A-8484-761D27D19B8A}
		{F1C849B0-BBAF-C50E-E95B-3A38A591AE07} = {F79A472F-727A-411A-8484-761D27D19B8A}
		{7567CF9B-7FB5-44EC-99D5-1B5AB9AE7387} = {F79A472F-727A-411A-8484-761D27D19B8A}
		{A2D1DBFE-7B54-2D75-F99A-A8B7FB412B04} = {63CE1D8E-D610-4E1F-9557-3BC8C4AB5559}
		{E360343F-8DA6-FE8F-6B9C-73A16AB7C57F} = {63CE1D8E-D610-4E1F-9557-3BC8C4AB5559}
		{ED7E9990-E59E-CEEB-856E-82D4101584A6} = {63CE1D8E-D610-4E1F-9557-3BC8C4AB5559}
		{D9A40CE9-22A5-2DDF-449C-32E9907FAF55} = {63CE1D8E-D610-4E1F-9557-3BC8C4AB5559}
		{568D3A4C-21DE-4C4E-A7C6-0B62182C5E84} = {63CE1D8E-D610-4E1F-9557-3BC8C4AB5559}
		{BBB5E158-E8CE-067B-D6E1-DA33E56F3BBE} = {C2D53219-27D3-4A5B-88F2-CAE80644235B}
		{D8A88832-26D9-44A1-AFF7-28DBC8F556E2} = {568D3A4C-21DE-4C4E-A7C6-0B62182C5E84}
		{D5923B5A-72F6-4D11-95AA-B33892B1C8F3} = {310F2C5A-6698-4ABF-898E-5166CB08C4ED}
		{C67531BB-3D88-4E2C-8AE9-991335428932} = {310F2C5A-6698-4ABF-898E-5166CB08C4ED}
		{B392588A-9A4E-4937-9177-4959F44D366D} = {310F2C5A-6698-4ABF-898E-5166CB08C4ED}
		{FB3AE905-CC32-49F2-9678-83CDA25E6767} = {7567CF9B-7FB5-44EC-99D5-1B5AB9AE7387}
		{A0C4F154-6113-4377-87E9-148A0090A357} = {0DA0DDCA-CF1F-4F3A-87FC-B527A04026E0}
		{7E691CCA-F16C-C270-DB9A-466D0287FFAB} = {974370CE-9CE8-42FD-97AD-1FE3C991D4A2}
		{25F9DED9-6F66-C37B-4F8A-32ACFF589464} = {974370CE-9CE8-42FD-97AD-1FE3C991D4A2}
		{ED27C172-8272-F7B7-8026-67E9EC225A78} = {974370CE-9CE8-42FD-97AD-1FE3C991D4A2}
		{6233C30A-BC06-57EF-D865-BDA0BDBBD4B1} = {974370CE-9CE8-42FD-97AD-1FE3C991D4A2}
		{598875B7-CE89-4733-9750-F603FB444F3C} = {974370CE-9CE8-42FD-97AD-1FE3C991D4A2}
		{29F67C11-8D51-351C-D467-5C4B3B0BB75B} = {598875B7-CE89-4733-9750-F603FB444F3C}
	EndGlobalSection
	GlobalSection(ExtensibilityGlobals) = postSolution
		SolutionGuid = {F6F14A8F-92CF-46E4-99A4-78E0093FC991}
	EndGlobalSection
EndGlobal
